
Microsoft Visual Studio Solution File, Format Version 12.00
# Visual Studio Version 17
VisualStudioVersion = 17.6.33829.357
MinimumVisualStudioVersion = 10.0.40219.1
Project("{FAE04EC0-301F-11D3-BF4B-00C04F79EFBC}") = "MatchGame", "MatchGame\MatchGame.csproj", "{285050A7-E0D6-4260-881A-D08EF59777FB}"
EndProject
Global
	GlobalSection(SolutionConfigurationPlatforms) = preSolution
		Debug|Any CPU = Debug|Any CPU
		Release|Any CPU = Release|Any CPU
	EndGlobalSection
	GlobalSection(ProjectConfigurationPlatforms) = postSolution
		{285050A7-E0D6-4260-881A-D08EF59777FB}.Debug|Any CPU.ActiveCfg = Debug|Any CPU
		{285050A7-E0D6-4260-881A-D08EF59777FB}.Debug|Any CPU.Build.0 = Debug|Any CPU
		{285050A7-E0D6-4260-881A-D08EF59777FB}.Release|Any CPU.ActiveCfg = Release|Any CPU
		{285050A7-E0D6-4260-881A-D08EF59777FB}.Release|Any CPU.Build.0 = Release|Any CPU
	EndGlobalSection
	GlobalSection(SolutionProperties) = preSolution
		HideSolutionNode = FALSE
	EndGlobalSection
	GlobalSection(ExtensibilityGlobals) = postSolution
		SolutionGuid = {F4EA34A5-AA89-4F5B-855C-38804FB79419}
	EndGlobalSection
EndGlobal
